
Microsoft Visual Studio Solution File, Format Version 12.00
# Visual Studio Version 17
VisualStudioVersion = 17.4.33213.308
MinimumVisualStudioVersion = 10.0.40219.1
Project("{FAE04EC0-301F-11D3-BF4B-00C04F79EFBC}") = "modul6_1302213039", "modul6_1302213039.csproj", "{C30C951C-33F6-4624-8F1C-1F5D1D499088}"
EndProject
Global
	GlobalSection(SolutionConfigurationPlatforms) = preSolution
		Debug|Any CPU = Debug|Any CPU
		Release|Any CPU = Release|Any CPU
	EndGlobalSection
	GlobalSection(ProjectConfigurationPlatforms) = postSolution
		{C30C951C-33F6-4624-8F1C-1F5D1D499088}.Debug|Any CPU.ActiveCfg = Debug|Any CPU
		{C30C951C-33F6-4624-8F1C-1F5D1D499088}.Debug|Any CPU.Build.0 = Debug|Any CPU
		{C30C951C-33F6-4624-8F1C-1F5D1D499088}.Release|Any CPU.ActiveCfg = Release|Any CPU
		{C30C951C-33F6-4624-8F1C-1F5D1D499088}.Release|Any CPU.Build.0 = Release|Any CPU
	EndGlobalSection
	GlobalSection(SolutionProperties) = preSolution
		HideSolutionNode = FALSE
	EndGlobalSection
	GlobalSection(ExtensibilityGlobals) = postSolution
		SolutionGuid = {18C11D13-A22F-4B04-98CC-31AE578369BA}
	EndGlobalSection
EndGlobal
